<?xml version="1.0" encoding="utf-8"?>
<Project ToolsVersion="4.0" xmlns="http://schemas.microsoft.com/developer/msbuild/2003">
  <ItemGroup>
    <Filter Include="ソース ファイル">
      <UniqueIdentifier>{4FC737F1-C7A5-4376-A066-2A32D752A2FF}</UniqueIdentifier>
      <Extensions>cpp;c;cc;cxx;def;odl;idl;hpj;bat;asm;asmx</Extensions>
    </Filter>
    <Filter Include="ヘッダー ファイル">
      <UniqueIdentifier>{93995380-89BD-4b04-88EB-625FBE52EBFB}</UniqueIdentifier>
      <Extensions>h;hh;hpp;hxx;hm;inl;inc;ipp;xsd</Extensions>
    </Filter>
    <Filter Include="リソース ファイル">
      <UniqueIdentifier>{67DA6AB6-F800-4c08-8B7A-83BB121AAD01}</UniqueIdentifier>
      <Extensions>rc;ico;cur;bmp;dlg;rc2;rct;bin;rgs;gif;jpg;jpeg;jpe;resx;tiff;tif;png;wav;mfcribbon-ms</Extensions>
    </Filter>
    <Filter Include="ソース ファイル\Debug">
      <UniqueIdentifier>{6b7d165a-698c-4d34-9695-80ea5db0fca2}</UniqueIdentifier>
    </Filter>
    <Filter Include="ソース ファイル\DirectX">
      <UniqueIdentifier>{2954ef7a-9b57-4b85-8e15-760c6c3adc9f}</UniqueIdentifier>
    </Filter>
    <Filter Include="ソース ファイル\Game">
      <UniqueIdentifier>{c77725d9-7538-400a-ad59-2659e13629a9}</UniqueIdentifier>
    </Filter>
    <Filter Include="ソース ファイル\Renderer">
      <UniqueIdentifier>{60e634be-21b5-4199-aa88-011471c54fad}</UniqueIdentifier>
    </Filter>
    <Filter Include="ソース ファイル\Resource">
      <UniqueIdentifier>{cba90eee-22c0-4be4-a64d-34e1b3e58a5b}</UniqueIdentifier>
    </Filter>
    <Filter Include="ソース ファイル\SkinMesh">
      <UniqueIdentifier>{3c2ed575-8111-4d69-bb61-d07b228d7a4a}</UniqueIdentifier>
    </Filter>
    <Filter Include="ソース ファイル\Actor">
      <UniqueIdentifier>{846b9e59-d9a7-46ba-ae04-b23d986c0a14}</UniqueIdentifier>
    </Filter>
    <Filter Include="ソース ファイル\Component">
      <UniqueIdentifier>{bffc089e-c994-4275-862e-4c4b2b689136}</UniqueIdentifier>
    </Filter>
  </ItemGroup>
  <ItemGroup>
    <ClCompile Include="DebugProc.cpp">
      <Filter>ソース ファイル\Debug</Filter>
    </ClCompile>
    <ClCompile Include="DirectX11Device.cpp">
      <Filter>ソース ファイル\DirectX</Filter>
    </ClCompile>
    <ClCompile Include="GameSystem.cpp">
      <Filter>ソース ファイル\Game</Filter>
    </ClCompile>
    <ClCompile Include="Main.cpp">
      <Filter>ソース ファイル\Game</Filter>
    </ClCompile>
    <ClCompile Include="Renderer.cpp">
      <Filter>ソース ファイル\Renderer</Filter>
    </ClCompile>
    <ClCompile Include="Math.cpp">
      <Filter>ソース ファイル\DirectX</Filter>
    </ClCompile>
    <ClCompile Include="MeshManager.cpp">
      <Filter>ソース ファイル\Resource</Filter>
    </ClCompile>
    <ClCompile Include="Mesh.cpp">
      <Filter>ソース ファイル\Resource</Filter>
    </ClCompile>
    <ClCompile Include="Input.cpp">
      <Filter>ソース ファイル\Game</Filter>
    </ClCompile>
    <ClCompile Include="OBJLoader.cpp">
      <Filter>ソース ファイル\Resource</Filter>
    </ClCompile>
    <ClCompile Include="stdafx.cpp">
      <Filter>ソース ファイル</Filter>
    </ClCompile>
    <ClCompile Include="SkinnedMeshRenderer.cpp">
      <Filter>ソース ファイル\Renderer</Filter>
    </ClCompile>
    <ClCompile Include="Bone.cpp">
      <Filter>ソース ファイル\SkinMesh</Filter>
    </ClCompile>
    <ClCompile Include="miniz.cpp">
      <Filter>ソース ファイル\SkinMesh</Filter>
    </ClCompile>
    <ClCompile Include="SkinnedMesh.cpp">
      <Filter>ソース ファイル\SkinMesh</Filter>
    </ClCompile>
    <ClCompile Include="SkinnedMeshManager.cpp">
      <Filter>ソース ファイル\SkinMesh</Filter>
    </ClCompile>
    <ClCompile Include="Texture.cpp">
      <Filter>ソース ファイル\Resource</Filter>
    </ClCompile>
    <ClCompile Include="TextureManager.cpp">
      <Filter>ソース ファイル\Resource</Filter>
    </ClCompile>
    <ClCompile Include="Actor.cpp">
      <Filter>ソース ファイル\Actor</Filter>
    </ClCompile>
    <ClCompile Include="Component.cpp">
      <Filter>ソース ファイル\Component</Filter>
    </ClCompile>
    <ClCompile Include="Comp_SkinnedMesh.cpp">
      <Filter>ソース ファイル\Component</Filter>
    </ClCompile>
    <ClCompile Include="Actor_Camera.cpp">
      <Filter>ソース ファイル\Actor</Filter>
    </ClCompile>
    <ClCompile Include="Actor_OrbitCamera.cpp">
      <Filter>ソース ファイル\Actor</Filter>
    </ClCompile>
    <ClCompile Include="ActorManager.cpp">
      <Filter>ソース ファイル\Actor</Filter>
    </ClCompile>
    <ClCompile Include="Comp_Mesh.cpp">
      <Filter>ソース ファイル\Component</Filter>
    </ClCompile>
    <ClCompile Include="FBXLoader.cpp">
      <Filter>ソース ファイル\SkinMesh</Filter>
    </ClCompile>
  </ItemGroup>
  <ItemGroup>
    <ClInclude Include="DebugProc.h">
      <Filter>ソース ファイル\Debug</Filter>
    </ClInclude>
    <ClInclude Include="DirectX11Device.h">
      <Filter>ソース ファイル\DirectX</Filter>
    </ClInclude>
    <ClInclude Include="GameSystem.h">
      <Filter>ソース ファイル\Game</Filter>
    </ClInclude>
    <ClInclude Include="Main.h">
      <Filter>ソース ファイル\Game</Filter>
    </ClInclude>
    <ClInclude Include="Renderer.h">
      <Filter>ソース ファイル\Renderer</Filter>
    </ClInclude>
    <ClInclude Include="ManageMemory.h">
      <Filter>ソース ファイル\Debug</Filter>
    </ClInclude>
    <ClInclude Include="XMFLOATHelper.h">
      <Filter>ソース ファイル\DirectX</Filter>
    </ClInclude>
    <ClInclude Include="Math.h">
      <Filter>ソース ファイル\DirectX</Filter>
    </ClInclude>
    <ClInclude Include="MeshManager.h">
      <Filter>ソース ファイル\Resource</Filter>
    </ClInclude>
    <ClInclude Include="Mesh.h">
      <Filter>ソース ファイル\Resource</Filter>
    </ClInclude>
    <ClInclude Include="MeshLoader.h">
      <Filter>ソース ファイル\Resource</Filter>
    </ClInclude>
    <ClInclude Include="Input.h">
      <Filter>ソース ファイル\Game</Filter>
    </ClInclude>
    <ClInclude Include="OBJLoader.h">
      <Filter>ソース ファイル\Resource</Filter>
    </ClInclude>
    <ClInclude Include="stdafx.h">
      <Filter>ソース ファイル</Filter>
    </ClInclude>
    <ClInclude Include="SkinnedMeshRenderer.h">
      <Filter>ソース ファイル\Renderer</Filter>
    </ClInclude>
    <ClInclude Include="Bone.h">
      <Filter>ソース ファイル\SkinMesh</Filter>
    </ClInclude>
    <ClInclude Include="miniz.h">
      <Filter>ソース ファイル\SkinMesh</Filter>
    </ClInclude>
    <ClInclude Include="SkinnedMesh.h">
      <Filter>ソース ファイル\SkinMesh</Filter>
    </ClInclude>
    <ClInclude Include="SkinnedMeshManager.h">
      <Filter>ソース ファイル\SkinMesh</Filter>
    </ClInclude>
    <ClInclude Include="Texture.h">
      <Filter>ソース ファイル\Resource</Filter>
    </ClInclude>
    <ClInclude Include="TextureManager.h">
      <Filter>ソース ファイル\Resource</Filter>
    </ClInclude>
    <ClInclude Include="Actor.h">
      <Filter>ソース ファイル\Actor</Filter>
    </ClInclude>
    <ClInclude Include="Component.h">
      <Filter>ソース ファイル\Component</Filter>
    </ClInclude>
    <ClInclude Include="Comp_SkinnedMesh.h">
      <Filter>ソース ファイル\Component</Filter>
    </ClInclude>
    <ClInclude Include="Actor_Camera.h">
      <Filter>ソース ファイル\Actor</Filter>
    </ClInclude>
    <ClInclude Include="Actor_OrbitCamera.h">
      <Filter>ソース ファイル\Actor</Filter>
    </ClInclude>
    <ClInclude Include="ActorManager.h">
      <Filter>ソース ファイル\Actor</Filter>
    </ClInclude>
    <ClInclude Include="Comp_Mesh.h">
      <Filter>ソース ファイル\Component</Filter>
    </ClInclude>
    <ClInclude Include="FBXLoader.h">
      <Filter>ソース ファイル\SkinMesh</Filter>
    </ClInclude>
  </ItemGroup>
</Project>